
Microsoft Visual Studio Solution File, Format Version 12.00
# Visual Studio Version 17
VisualStudioVersion = 17.1.32421.90
MinimumVisualStudioVersion = 10.0.40219.1
Project("{FAE04EC0-301F-11D3-BF4B-00C04F79EFBC}") = "TestApplicationMVC", "TestApplicationMVC\TestApplicationMVC.csproj", "{6B8FAB69-517B-4B82-A2AE-4BF61E94DFCB}"
EndProject
Global
	GlobalSection(SolutionConfigurationPlatforms) = preSolution
		Debug|Any CPU = Debug|Any CPU
		Release|Any CPU = Release|Any CPU
	EndGlobalSection
	GlobalSection(ProjectConfigurationPlatforms) = postSolution
		{6B8FAB69-517B-4B82-A2AE-4BF61E94DFCB}.Debug|Any CPU.ActiveCfg = Debug|Any CPU
		{6B8FAB69-517B-4B82-A2AE-4BF61E94DFCB}.Debug|Any CPU.Build.0 = Debug|Any CPU
		{6B8FAB69-517B-4B82-A2AE-4BF61E94DFCB}.Release|Any CPU.ActiveCfg = Release|Any CPU
		{6B8FAB69-517B-4B82-A2AE-4BF61E94DFCB}.Release|Any CPU.Build.0 = Release|Any CPU
	EndGlobalSection
	GlobalSection(SolutionProperties) = preSolution
		HideSolutionNode = FALSE
	EndGlobalSection
	GlobalSection(ExtensibilityGlobals) = postSolution
		SolutionGuid = {761A048C-1189-4412-910B-DC59661FC9C7}
	EndGlobalSection
EndGlobal
